
Microsoft Visual Studio Solution File, Format Version 12.00
# Visual Studio Version 16
VisualStudioVersion = 16.0.30804.86
MinimumVisualStudioVersion = 10.0.40219.1
Project("{FAE04EC0-301F-11D3-BF4B-00C04F79EFBC}") = "GUI", "GUI.csproj", "{0FC92A6F-73E7-4E5D-BDA8-90BDBE34F87F}"
EndProject
Project("{FAE04EC0-301F-11D3-BF4B-00C04F79EFBC}") = "DAL", "..\DAL\DAL.csproj", "{22EB894A-F550-44ED-B709-32A2A3CEEC2E}"
EndProject
Project("{FAE04EC0-301F-11D3-BF4B-00C04F79EFBC}") = "BUS", "..\BUS\BUS.csproj", "{70D411B5-DE42-4F93-89EE-B307152C1E03}"
EndProject
Project("{FAE04EC0-301F-11D3-BF4B-00C04F79EFBC}") = "DTO", "..\DTO\DTO.csproj", "{6C21ECDE-775B-4B97-AE5E-CE650E39A17E}"
EndProject
Project("{54435603-DBB4-11D2-8724-00A0C9A8B90C}") = "Setup", "..\Setup\Setup.vdproj", "{801DF356-D5A4-4ADB-97E2-C0A2AC68D47F}"
EndProject
Global
	GlobalSection(SolutionConfigurationPlatforms) = preSolution
		All|Any CPU = All|Any CPU
		All|x64 = All|x64
		All|x86 = All|x86
		Debug|Any CPU = Debug|Any CPU
		Debug|x64 = Debug|x64
		Debug|x86 = Debug|x86
		Release|Any CPU = Release|Any CPU
		Release|x64 = Release|x64
		Release|x86 = Release|x86
	EndGlobalSection
	GlobalSection(ProjectConfigurationPlatforms) = postSolution
		{0FC92A6F-73E7-4E5D-BDA8-90BDBE34F87F}.All|Any CPU.ActiveCfg = Release|Any CPU
		{0FC92A6F-73E7-4E5D-BDA8-90BDBE34F87F}.All|Any CPU.Build.0 = Release|Any CPU
		{0FC92A6F-73E7-4E5D-BDA8-90BDBE34F87F}.All|x64.ActiveCfg = Debug|x64
		{0FC92A6F-73E7-4E5D-BDA8-90BDBE34F87F}.All|x64.Build.0 = Debug|x64
		{0FC92A6F-73E7-4E5D-BDA8-90BDBE34F87F}.All|x86.ActiveCfg = Debug|x86
		{0FC92A6F-73E7-4E5D-BDA8-90BDBE34F87F}.All|x86.Build.0 = Debug|x86
		{0FC92A6F-73E7-4E5D-BDA8-90BDBE34F87F}.Debug|Any CPU.ActiveCfg = Release|Any CPU
		{0FC92A6F-73E7-4E5D-BDA8-90BDBE34F87F}.Debug|Any CPU.Build.0 = Release|Any CPU
		{0FC92A6F-73E7-4E5D-BDA8-90BDBE34F87F}.Debug|x64.ActiveCfg = Debug|x64
		{0FC92A6F-73E7-4E5D-BDA8-90BDBE34F87F}.Debug|x64.Build.0 = Debug|x64
		{0FC92A6F-73E7-4E5D-BDA8-90BDBE34F87F}.Debug|x86.ActiveCfg = Debug|x86
		{0FC92A6F-73E7-4E5D-BDA8-90BDBE34F87F}.Debug|x86.Build.0 = Debug|x86
		{0FC92A6F-73E7-4E5D-BDA8-90BDBE34F87F}.Release|Any CPU.ActiveCfg = Release|Any CPU
		{0FC92A6F-73E7-4E5D-BDA8-90BDBE34F87F}.Release|Any CPU.Build.0 = Release|Any CPU
		{0FC92A6F-73E7-4E5D-BDA8-90BDBE34F87F}.Release|x64.ActiveCfg = Release|x64
		{0FC92A6F-73E7-4E5D-BDA8-90BDBE34F87F}.Release|x64.Build.0 = Release|x64
		{0FC92A6F-73E7-4E5D-BDA8-90BDBE34F87F}.Release|x86.ActiveCfg = Release|x86
		{0FC92A6F-73E7-4E5D-BDA8-90BDBE34F87F}.Release|x86.Build.0 = Release|x86
		{22EB894A-F550-44ED-B709-32A2A3CEEC2E}.All|Any CPU.ActiveCfg = Release|Any CPU
		{22EB894A-F550-44ED-B709-32A2A3CEEC2E}.All|Any CPU.Build.0 = Release|Any CPU
		{22EB894A-F550-44ED-B709-32A2A3CEEC2E}.All|x64.ActiveCfg = Debug|x64
		{22EB894A-F550-44ED-B709-32A2A3CEEC2E}.All|x64.Build.0 = Debug|x64
		{22EB894A-F550-44ED-B709-32A2A3CEEC2E}.All|x86.ActiveCfg = Debug|x86
		{22EB894A-F550-44ED-B709-32A2A3CEEC2E}.All|x86.Build.0 = Debug|x86
		{22EB894A-F550-44ED-B709-32A2A3CEEC2E}.Debug|Any CPU.ActiveCfg = Release|Any CPU
		{22EB894A-F550-44ED-B709-32A2A3CEEC2E}.Debug|Any CPU.Build.0 = Release|Any CPU
		{22EB894A-F550-44ED-B709-32A2A3CEEC2E}.Debug|x64.ActiveCfg = Debug|x64
		{22EB894A-F550-44ED-B709-32A2A3CEEC2E}.Debug|x64.Build.0 = Debug|x64
		{22EB894A-F550-44ED-B709-32A2A3CEEC2E}.Debug|x86.ActiveCfg = Debug|x86
		{22EB894A-F550-44ED-B709-32A2A3CEEC2E}.Debug|x86.Build.0 = Debug|x86
		{22EB894A-F550-44ED-B709-32A2A3CEEC2E}.Release|Any CPU.ActiveCfg = Release|Any CPU
		{22EB894A-F550-44ED-B709-32A2A3CEEC2E}.Release|Any CPU.Build.0 = Release|Any CPU
		{22EB894A-F550-44ED-B709-32A2A3CEEC2E}.Release|x64.ActiveCfg = Release|x64
		{22EB894A-F550-44ED-B709-32A2A3CEEC2E}.Release|x64.Build.0 = Release|x64
		{22EB894A-F550-44ED-B709-32A2A3CEEC2E}.Release|x86.ActiveCfg = Release|x86
		{22EB894A-F550-44ED-B709-32A2A3CEEC2E}.Release|x86.Build.0 = Release|x86
		{70D411B5-DE42-4F93-89EE-B307152C1E03}.All|Any CPU.ActiveCfg = Release|Any CPU
		{70D411B5-DE42-4F93-89EE-B307152C1E03}.All|Any CPU.Build.0 = Release|Any CPU
		{70D411B5-DE42-4F93-89EE-B307152C1E03}.All|x64.ActiveCfg = Debug|x64
		{70D411B5-DE42-4F93-89EE-B307152C1E03}.All|x64.Build.0 = Debug|x64
		{70D411B5-DE42-4F93-89EE-B307152C1E03}.All|x86.ActiveCfg = Debug|x86
		{70D411B5-DE42-4F93-89EE-B307152C1E03}.All|x86.Build.0 = Debug|x86
		{70D411B5-DE42-4F93-89EE-B307152C1E03}.Debug|Any CPU.ActiveCfg = Release|Any CPU
		{70D411B5-DE42-4F93-89EE-B307152C1E03}.Debug|Any CPU.Build.0 = Release|Any CPU
		{70D411B5-DE42-4F93-89EE-B307152C1E03}.Debug|x64.ActiveCfg = Debug|x64
		{70D411B5-DE42-4F93-89EE-B307152C1E03}.Debug|x64.Build.0 = Debug|x64
		{70D411B5-DE42-4F93-89EE-B307152C1E03}.Debug|x86.ActiveCfg = Debug|x86
		{70D411B5-DE42-4F93-89EE-B307152C1E03}.Debug|x86.Build.0 = Debug|x86
		{70D411B5-DE42-4F93-89EE-B307152C1E03}.Release|Any CPU.ActiveCfg = Release|Any CPU
		{70D411B5-DE42-4F93-89EE-B307152C1E03}.Release|Any CPU.Build.0 = Release|Any CPU
		{70D411B5-DE42-4F93-89EE-B307152C1E03}.Release|x64.ActiveCfg = Release|x64
		{70D411B5-DE42-4F93-89EE-B307152C1E03}.Release|x64.Build.0 = Release|x64
		{70D411B5-DE42-4F93-89EE-B307152C1E03}.Release|x86.ActiveCfg = Release|x86
		{70D411B5-DE42-4F93-89EE-B307152C1E03}.Release|x86.Build.0 = Release|x86
		{6C21ECDE-775B-4B97-AE5E-CE650E39A17E}.All|Any CPU.ActiveCfg = Release|Any CPU
		{6C21ECDE-775B-4B97-AE5E-CE650E39A17E}.All|Any CPU.Build.0 = Release|Any CPU
		{6C21ECDE-775B-4B97-AE5E-CE650E39A17E}.All|x64.ActiveCfg = Debug|x64
		{6C21ECDE-775B-4B97-AE5E-CE650E39A17E}.All|x64.Build.0 = Debug|x64
		{6C21ECDE-775B-4B97-AE5E-CE650E39A17E}.All|x86.ActiveCfg = Debug|x86
		{6C21ECDE-775B-4B97-AE5E-CE650E39A17E}.All|x86.Build.0 = Debug|x86
		{6C21ECDE-775B-4B97-AE5E-CE650E39A17E}.Debug|Any CPU.ActiveCfg = Release|Any CPU
		{6C21ECDE-775B-4B97-AE5E-CE650E39A17E}.Debug|Any CPU.Build.0 = Release|Any CPU
		{6C21ECDE-775B-4B97-AE5E-CE650E39A17E}.Debug|x64.ActiveCfg = Debug|x64
		{6C21ECDE-775B-4B97-AE5E-CE650E39A17E}.Debug|x64.Build.0 = Debug|x64
		{6C21ECDE-775B-4B97-AE5E-CE650E39A17E}.Debug|x86.ActiveCfg = Debug|x86
		{6C21ECDE-775B-4B97-AE5E-CE650E39A17E}.Debug|x86.Build.0 = Debug|x86
		{6C21ECDE-775B-4B97-AE5E-CE650E39A17E}.Release|Any CPU.ActiveCfg = Release|Any CPU
		{6C21ECDE-775B-4B97-AE5E-CE650E39A17E}.Release|Any CPU.Build.0 = Release|Any CPU
		{6C21ECDE-775B-4B97-AE5E-CE650E39A17E}.Release|x64.ActiveCfg = Release|x64
		{6C21ECDE-775B-4B97-AE5E-CE650E39A17E}.Release|x64.Build.0 = Release|x64
		{6C21ECDE-775B-4B97-AE5E-CE650E39A17E}.Release|x86.ActiveCfg = Release|x86
		{6C21ECDE-775B-4B97-AE5E-CE650E39A17E}.Release|x86.Build.0 = Release|x86
		{801DF356-D5A4-4ADB-97E2-C0A2AC68D47F}.All|Any CPU.ActiveCfg = Debug
		{801DF356-D5A4-4ADB-97E2-C0A2AC68D47F}.All|x64.ActiveCfg = Debug
		{801DF356-D5A4-4ADB-97E2-C0A2AC68D47F}.All|x86.ActiveCfg = Debug
		{801DF356-D5A4-4ADB-97E2-C0A2AC68D47F}.Debug|Any CPU.ActiveCfg = Debug
		{801DF356-D5A4-4ADB-97E2-C0A2AC68D47F}.Debug|x64.ActiveCfg = Debug
		{801DF356-D5A4-4ADB-97E2-C0A2AC68D47F}.Debug|x86.ActiveCfg = Debug
		{801DF356-D5A4-4ADB-97E2-C0A2AC68D47F}.Release|Any CPU.ActiveCfg = Release
		{801DF356-D5A4-4ADB-97E2-C0A2AC68D47F}.Release|x64.ActiveCfg = Release
		{801DF356-D5A4-4ADB-97E2-C0A2AC68D47F}.Release|x86.ActiveCfg = Release
	EndGlobalSection
	GlobalSection(SolutionProperties) = preSolution
		HideSolutionNode = FALSE
	EndGlobalSection
	GlobalSection(ExtensibilityGlobals) = postSolution
		SolutionGuid = {321CC8FE-27FB-4F9D-A97E-89AE8F409D16}
	EndGlobalSection
EndGlobal
